github.com/davecgh/go-spew v1.1.0/go.mod h1:J7Y8YcW2NihsgmVo/mv3lAwl/skON4iLHjSsI+c5H38=
github.com/davecgh/go-spew v1.1.1/go.mod h1:J7Y8YcW2NihsgmVo/mv3lAwl/skON4iLHjSsI+c5H38=
github.com/gregoryv/asserter v0.4.0/go.mod h1:WjMhNLh0zjyvgOQpWWx8Om0n7jlgMzTn7qgKhJeH8ew=
github.com/gregoryv/find v0.0.0-20180328085109-1bbc2d70c482/go.mod h1:/xxQlO62bzxhyabf2iKJzGJa+VAJy25spLI/6ICTrxU=
github.com/gregoryv/gocyclo v0.0.0-20180305144948-0be7902fabdc/go.mod h1:x/QA8cT1gfn/XriQ/CVNX7I8IM4Z2YJAAEWFym2clZI=
github.com/gregoryv/gocyclo v0.1.0/go.mod h1:e1PwkEyshvXjhPGP0RUXqlEXx09aBSSNj0wL8I/P/3I=
github.com/gregoryv/golden v0.6.1 h1:vZY0sBsmvIHu2SJdFc9C4WP6XNCPlUlRTEqEoVDA0qk=
github.com/gregoryv/golden v0.6.1/go.mod h1:Y4isDieWcbO/Wf7u1wBHAXF4KD0xfaix0W0sEkKY8HU=
github.com/gregoryv/golden v0.7.0 h1:HrKWB2F7BL8XAnf9FSvOUU8xZD4zvPw+Q70HMhjRhsA=
github.com/gregoryv/golden v0.7.0/go.mod h1:Dixy3sKTkmTWk6+8FmGIo2Bt+Y/bJ4YYAJif8ckPXfI=
github.com/gregoryv/qual v0.2.1/go.mod h1:5M5kejbZgxtswBGeoXC1yh4CP94W3FFv5o60BflBlnY=
github.com/gregoryv/qual v0.4.1/go.mod h1:CJpLjjOyVmCiu0xoLbgbitdk+T2hCCmGYPpHAW+mel4=
github.com/kr/pretty v0.1.0/go.mod h1:dAy3ld7l9f0ibDNOQOHHMYYIIbhfbHSm3C4ZsoJORNo=
github.com/kr/pty v1.1.1/go.mod h1:pFQYn66WHrOpPYNljwOMqo10TkYh1fy3cYio2l3bCsQ=
github.com/kr/text v0.1.0/go.mod h1:4Jbv+DJW3UT/LiOwJeYQe1efqtUx/iVham/4vfdArNI=
github.com/pmezard/go-difflib v1.0.0 h1:4DBwDE0NGyQoBHbLQYPwSUPoCMWR5BEzIk/f1lZbAQM=
github.com/pmezard/go-difflib v1.0.0/go.mod h1:iKH77koFhYxTK1pcRnkKkqfTogsbg7gZNVY4sRDYZ/4=
github.com/sergi/go-diff v1.1.0/go.mod h1:STckp+ISIX8hZLjrqAeVduY0gWCT9IjLuqbuNXdaHfM=
github.com/stretchr/objx v0.1.0/go.mod h1:HFkY916IF+rwdDfMAkV7OtwuqBVzrE8GR6GFx+wExME=
github.com/stretchr/testify v1.4.0/go.mod h1:j7eGeouHqKxXV5pUuKE4zz7dFj8WfuZ+81PSLYec5m4=
gopkg.in/check.v1 v0.0.0-20161208181325-20d25e280405/go.mod h1:Co6ibVJAznAaIkqp8huTwlJQCZ016jof/cbN4VW5Yz0=
gopkg.in/check.v1 v1.0.0-20190902080502-41f04d3bba15/go.mod h1:Co6ibVJAznAaIkqp8huTwlJQCZ016jof/cbN4VW5Yz0=
gopkg.in/yaml.v2 v2.2.2/go.mod h1:hI93XBmqTisBFMUTm0b8Fm+jr3Dg1NNxqwp+5A1VGuI=
gopkg.in/yaml.v2 v2.2.4/go.mod h1:hI93XBmqTisBFMUTm0b8Fm+jr3Dg1NNxqwp+5A1VGuI=
